
Microsoft Visual Studio Solution File, Format Version 12.00
# Visual Studio Version 16
VisualStudioVersion = 16.0.30523.141
MinimumVisualStudioVersion = 10.0.40219.1
Project("{9A19103F-16F7-4668-BE54-9A1E7A4F7556}") = "WebApplication", "WebApplication\WebApplication.csproj", "{7B555955-37B9-4518-BD49-3CECF79F1DA1}"
EndProject
Project("{FAE04EC0-301F-11D3-BF4B-00C04F79EFBC}") = "WebApplication.Utility", "WebApplication.Utility\WebApplication.Utility.csproj", "{FA9B0C26-672B-4DBA-9471-59B33D999E74}"
EndProject
Project("{FAE04EC0-301F-11D3-BF4B-00C04F79EFBC}") = "WebApplication.Model", "WebApplication.Model\WebApplication.Model.csproj", "{907C3F76-89B5-4684-AABC-137F38975798}"
EndProject
Global
	GlobalSection(SolutionConfigurationPlatforms) = preSolution
		Debug|Any CPU = Debug|Any CPU
		Release|Any CPU = Release|Any CPU
	EndGlobalSection
	GlobalSection(ProjectConfigurationPlatforms) = postSolution
		{7B555955-37B9-4518-BD49-3CECF79F1DA1}.Debug|Any CPU.ActiveCfg = Debug|Any CPU
		{7B555955-37B9-4518-BD49-3CECF79F1DA1}.Debug|Any CPU.Build.0 = Debug|Any CPU
		{7B555955-37B9-4518-BD49-3CECF79F1DA1}.Release|Any CPU.ActiveCfg = Release|Any CPU
		{7B555955-37B9-4518-BD49-3CECF79F1DA1}.Release|Any CPU.Build.0 = Release|Any CPU
		{FA9B0C26-672B-4DBA-9471-59B33D999E74}.Debug|Any CPU.ActiveCfg = Debug|Any CPU
		{FA9B0C26-672B-4DBA-9471-59B33D999E74}.Debug|Any CPU.Build.0 = Debug|Any CPU
		{FA9B0C26-672B-4DBA-9471-59B33D999E74}.Release|Any CPU.ActiveCfg = Release|Any CPU
		{FA9B0C26-672B-4DBA-9471-59B33D999E74}.Release|Any CPU.Build.0 = Release|Any CPU
		{907C3F76-89B5-4684-AABC-137F38975798}.Debug|Any CPU.ActiveCfg = Debug|Any CPU
		{907C3F76-89B5-4684-AABC-137F38975798}.Debug|Any CPU.Build.0 = Debug|Any CPU
		{907C3F76-89B5-4684-AABC-137F38975798}.Release|Any CPU.ActiveCfg = Release|Any CPU
		{907C3F76-89B5-4684-AABC-137F38975798}.Release|Any CPU.Build.0 = Release|Any CPU
	EndGlobalSection
	GlobalSection(SolutionProperties) = preSolution
		HideSolutionNode = FALSE
	EndGlobalSection
	GlobalSection(ExtensibilityGlobals) = postSolution
		SolutionGuid = {35A353ED-BCD0-4A15-BBE6-71F62F2AF094}
	EndGlobalSection
EndGlobal
